
Microsoft Visual Studio Solution File, Format Version 12.00
# Visual Studio Version 17
VisualStudioVersion = 17.5.33502.453
MinimumVisualStudioVersion = 10.0.40219.1
Project("{9A19103F-16F7-4668-BE54-9A1E7A4F7556}") = "LayoutManager", "LayoutManager.csproj", "{78D06FA0-FD35-4F4D-95BF-F75EE2E796B9}"
EndProject
Global
	GlobalSection(SolutionConfigurationPlatforms) = preSolution
		Debug|Any CPU = Debug|Any CPU
		Release|Any CPU = Release|Any CPU
	EndGlobalSection
	GlobalSection(ProjectConfigurationPlatforms) = postSolution
		{78D06FA0-FD35-4F4D-95BF-F75EE2E796B9}.Debug|Any CPU.ActiveCfg = Debug|Any CPU
		{78D06FA0-FD35-4F4D-95BF-F75EE2E796B9}.Debug|Any CPU.Build.0 = Debug|Any CPU
		{78D06FA0-FD35-4F4D-95BF-F75EE2E796B9}.Release|Any CPU.ActiveCfg = Release|Any CPU
		{78D06FA0-FD35-4F4D-95BF-F75EE2E796B9}.Release|Any CPU.Build.0 = Release|Any CPU
	EndGlobalSection
	GlobalSection(SolutionProperties) = preSolution
		HideSolutionNode = FALSE
	EndGlobalSection
	GlobalSection(ExtensibilityGlobals) = postSolution
		SolutionGuid = {E1E1FD3B-F2E7-4198-8512-D131D1A8CD02}
	EndGlobalSection
EndGlobal
